
Microsoft Visual Studio Solution File, Format Version 12.00
# Visual Studio 15
VisualStudioVersion = 15.0.27130.2036
MinimumVisualStudioVersion = 10.0.40219.1
Project("{9A19103F-16F7-4668-BE54-9A1E7A4F7556}") = "OnlineSupermarket", "Lab10Authentication\OnlineSupermarket.csproj", "{F53B845F-24A2-4031-AF2A-E0FB52BD09FE}"
EndProject
Global
	GlobalSection(SolutionConfigurationPlatforms) = preSolution
		Debug|Any CPU = Debug|Any CPU
		Release|Any CPU = Release|Any CPU
	EndGlobalSection
	GlobalSection(ProjectConfigurationPlatforms) = postSolution
		{F53B845F-24A2-4031-AF2A-E0FB52BD09FE}.Debug|Any CPU.ActiveCfg = Debug|Any CPU
		{F53B845F-24A2-4031-AF2A-E0FB52BD09FE}.Debug|Any CPU.Build.0 = Debug|Any CPU
		{F53B845F-24A2-4031-AF2A-E0FB52BD09FE}.Release|Any CPU.ActiveCfg = Release|Any CPU
		{F53B845F-24A2-4031-AF2A-E0FB52BD09FE}.Release|Any CPU.Build.0 = Release|Any CPU
	EndGlobalSection
	GlobalSection(SolutionProperties) = preSolution
		HideSolutionNode = FALSE
	EndGlobalSection
	GlobalSection(ExtensibilityGlobals) = postSolution
		SolutionGuid = {9E0AEDA1-017E-41F9-851E-288F3F51F8CC}
	EndGlobalSection
EndGlobal
